// !$*UTF8*$!
{
	archiveVersion = 1;
	classes = {
	};
	objectVersion = 46;
	objects = {

/* Begin PBXBuildFile section */
		8FBC7A381942809500403836 /* Foundation.framework in Frameworks */ = {isa = PBXBuildFile; fileRef = 8FBC7A371942809500403836 /* Foundation.framework */; };
		8FBC7A3A1942809500403836 /* CoreGraphics.framework in Frameworks */ = {isa = PBXBuildFile; fileRef = 8FBC7A391942809500403836 /* CoreGraphics.framework */; };
		8FBC7A3C1942809500403836 /* UIKit.framework in Frameworks */ = {isa = PBXBuildFile; fileRef = 8FBC7A3B1942809500403836 /* UIKit.framework */; };
		8FBC7A421942809500403836 /* InfoPlist.strings in Resources */ = {isa = PBXBuildFile; fileRef = 8FBC7A401942809500403836 /* InfoPlist.strings */; };
		8FBC7A441942809500403836 /* main.m in Sources */ = {isa = PBXBuildFile; fileRef = 8FBC7A431942809500403836 /* main.m */; };
		8FBC7A481942809500403836 /* IBD2AppDelegate.m in Sources */ = {isa = PBXBuildFile; fileRef = 8FBC7A471942809500403836 /* IBD2AppDelegate.m */; };
		8FBC7A4B1942809500403836 /* Main.storyboard in Resources */ = {isa = PBXBuildFile; fileRef = 8FBC7A491942809500403836 /* Main.storyboard */; };
		8FBC7A4E1942809500403836 /* IBD2ViewController.m in Sources */ = {isa = PBXBuildFile; fileRef = 8FBC7A4D1942809500403836 /* IBD2ViewController.m */; };
		8FBC7A501942809500403836 /* Images.xcassets in Resources */ = {isa = PBXBuildFile; fileRef = 8FBC7A4F1942809500403836 /* Images.xcassets */; };
		8FBC7A571942809500403836 /* XCTest.framework in Frameworks */ = {isa = PBXBuildFile; fileRef = 8FBC7A561942809500403836 /* XCTest.framework */; };
		8FBC7A581942809500403836 /* Foundation.framework in Frameworks */ = {isa = PBXBuildFile; fileRef = 8FBC7A371942809500403836 /* Foundation.framework */; };
		8FBC7A591942809500403836 /* UIKit.framework in Frameworks */ = {isa = PBXBuildFile; fileRef = 8FBC7A3B1942809500403836 /* UIKit.framework */; };
		8FBC7A611942809500403836 /* InfoPlist.strings in Resources */ = {isa = PBXBuildFile; fileRef = 8FBC7A5F1942809500403836 /* InfoPlist.strings */; };
		8FBC7A631942809500403836 /* InterfaceBuilderDemo2Tests.m in Sources */ = {isa = PBXBuildFile; fileRef = 8FBC7A621942809500403836 /* InterfaceBuilderDemo2Tests.m */; };
		8FBC7A73194285B400403836 /* .~lock.README.docx# in Resources */ = {isa = PBXBuildFile; fileRef = 8FBC7A71194285B400403836 /* .~lock.README.docx# */; };
		8FBC7A74194285B400403836 /* README.docx in Resources */ = {isa = PBXBuildFile; fileRef = 8FBC7A72194285B400403836 /* README.docx */; };
/* End PBXBuildFile section */

/* Begin PBXContainerItemProxy section */
		8FBC7A5A1942809500403836 /* PBXContainerItemProxy */ = {
			isa = PBXContainerItemProxy;
			containerPortal = 8FBC7A2C1942809500403836 /* Project object */;
			proxyType = 1;
			remoteGlobalIDString = 8FBC7A331942809500403836;
			remoteInfo = InterfaceBuilderDemo2;
		};
/* End PBXContainerItemProxy section */

/* Begin PBXFileReference section */
		8FBC7A341942809500403836 /* InterfaceBuilderDemo2.app */ = {isa = PBXFileReference; explicitFileType = wrapper.application; includeInIndex = 0; path = InterfaceBuilderDemo2.app; sourceTree = BUILT_PRODUCTS_DIR; };
		8FBC7A371942809500403836 /* Foundation.framework */ = {isa = PBXFileReference; lastKnownFileType = wrapper.framework; name = Foundation.framework; path = System/Library/Frameworks/Foundation.framework; sourceTree = SDKROOT; };
		8FBC7A391942809500403836 /* CoreGraphics.framework */ = {isa = PBXFileReference; lastKnownFileType = wrapper.framework; name = CoreGraphics.framework; path = System/Library/Frameworks/CoreGraphics.framework; sourceTree = SDKROOT; };
		8FBC7A3B1942809500403836 /* UIKit.framework */ = {isa = PBXFileReference; lastKnownFileType = wrapper.framework; name = UIKit.framework; path = System/Library/Frameworks/UIKit.framework; sourceTree = SDKROOT; };
		8FBC7A3F1942809500403836 /* InterfaceBuilderDemo2-Info.plist */ = {isa = PBXFileReference; lastKnownFileType = text.plist.xml; path = "InterfaceBuilderDemo2-Info.plist"; sourceTree = "<group>"; };
		8FBC7A411942809500403836 /* en */ = {isa = PBXFileReference; lastKnownFileType = text.plist.strings; name = en; path = en.lproj/InfoPlist.strings; sourceTree = "<group>"; };
		8FBC7A431942809500403836 /* main.m */ = {isa = PBXFileReference; lastKnownFileType = sourcecode.c.objc; path = main.m; sourceTree = "<group>"; };
		8FBC7A451942809500403836 /* InterfaceBuilderDemo2-Prefix.pch */ = {isa = PBXFileReference; lastKnownFileType = sourcecode.c.h; path = "InterfaceBuilderDemo2-Prefix.pch"; sourceTree = "<group>"; };
		8FBC7A461942809500403836 /* IBD2AppDelegate.h */ = {isa = PBXFileReference; lastKnownFileType = sourcecode.c.h; path = IBD2AppDelegate.h; sourceTree = "<group>"; };
		8FBC7A471942809500403836 /* IBD2AppDelegate.m */ = {isa = PBXFileReference; lastKnownFileType = sourcecode.c.objc; path = IBD2AppDelegate.m; sourceTree = "<group>"; };
		8FBC7A4A1942809500403836 /* Base */ = {isa = PBXFileReference; lastKnownFileType = file.storyboard; name = Base; path = Base.lproj/Main.storyboard; sourceTree = "<group>"; };
		8FBC7A4C1942809500403836 /* IBD2ViewController.h */ = {isa = PBXFileReference; lastKnownFileType = sourcecode.c.h; path = IBD2ViewController.h; sourceTree = "<group>"; };
		8FBC7A4D1942809500403836 /* IBD2ViewController.m */ = {isa = PBXFileReference; lastKnownFileType = sourcecode.c.objc; path = IBD2ViewController.m; sourceTree = "<group>"; };
		8FBC7A4F1942809500403836 /* Images.xcassets */ = {isa = PBXFileReference; lastKnownFileType = folder.assetcatalog; path = Images.xcassets; sourceTree = "<group>"; };
		8FBC7A551942809500403836 /* InterfaceBuilderDemo2Tests.xctest */ = {isa = PBXFileReference; explicitFileType = wrapper.cfbundle; includeInIndex = 0; path = InterfaceBuilderDemo2Tests.xctest; sourceTree = BUILT_PRODUCTS_DIR; };
		8FBC7A561942809500403836 /* XCTest.framework */ = {isa = PBXFileReference; lastKnownFileType = wrapper.framework; name = XCTest.framework; path = Library/Frameworks/XCTest.framework; sourceTree = DEVELOPER_DIR; };
		8FBC7A5E1942809500403836 /* InterfaceBuilderDemo2Tests-Info.plist */ = {isa = PBXFileReference; lastKnownFileType = text.plist.xml; path = "InterfaceBuilderDemo2Tests-Info.plist"; sourceTree = "<group>"; };
		8FBC7A601942809500403836 /* en */ = {isa = PBXFileReference; lastKnownFileType = text.plist.strings; name = en; path = en.lproj/InfoPlist.strings; sourceTree = "<group>"; };
		8FBC7A621942809500403836 /* InterfaceBuilderDemo2Tests.m */ = {isa = PBXFileReference; lastKnownFileType = sourcecode.c.objc; path = InterfaceBuilderDemo2Tests.m; sourceTree = "<group>"; };
		8FBC7A71194285B400403836 /* .~lock.README.docx# */ = {isa = PBXFileReference; fileEncoding = 4; lastKnownFileType = text; path = ".~lock.README.docx#"; sourceTree = "<group>"; };
		8FBC7A72194285B400403836 /* README.docx */ = {isa = PBXFileReference; lastKnownFileType = file; path = README.docx; sourceTree = "<group>"; };
/* End PBXFileReference section */

/* Begin PBXFrameworksBuildPhase section */
		8FBC7A311942809500403836 /* Frameworks */ = {
			isa = PBXFrameworksBuildPhase;
			buildActionMask = 2147483647;
			files = (
				8FBC7A3A1942809500403836 /* CoreGraphics.framework in Frameworks */,
				8FBC7A3C1942809500403836 /* UIKit.framework in Frameworks */,
				8FBC7A381942809500403836 /* Foundation.framework in Frameworks */,
			);
			runOnlyForDeploymentPostprocessing = 0;
		};
		8FBC7A521942809500403836 /* Frameworks */ = {
			isa = PBXFrameworksBuildPhase;
			buildActionMask = 2147483647;
			files = (
				8FBC7A571942809500403836 /* XCTest.framework in Frameworks */,
				8FBC7A591942809500403836 /* UIKit.framework in Frameworks */,
				8FBC7A581942809500403836 /* Foundation.framework in Frameworks */,
			);
			runOnlyForDeploymentPostprocessing = 0;
		};
/* End PBXFrameworksBuildPhase section */

/* Begin PBXGroup section */
		8FBC7A2B1942809500403836 = {
			isa = PBXGroup;
			children = (
				8FBC7A70194285B400403836 /* Docs */,
				8FBC7A3D1942809500403836 /* InterfaceBuilderDemo2 */,
				8FBC7A5C1942809500403836 /* InterfaceBuilderDemo2Tests */,
				8FBC7A361942809500403836 /* Frameworks */,
				8FBC7A351942809500403836 /* Products */,
			);
			sourceTree = "<group>";
		};
		8FBC7A351942809500403836 /* Products */ = {
			isa = PBXGroup;
			children = (
				8FBC7A341942809500403836 /* InterfaceBuilderDemo2.app */,
				8FBC7A551942809500403836 /* InterfaceBuilderDemo2Tests.xctest */,
			);
			name = Products;
			sourceTree = "<group>";
		};
		8FBC7A361942809500403836 /* Frameworks */ = {
			isa = PBXGroup;
			children = (
				8FBC7A371942809500403836 /* Foundation.framework */,
				8FBC7A391942809500403836 /* CoreGraphics.framework */,
				8FBC7A3B1942809500403836 /* UIKit.framework */,
				8FBC7A561942809500403836 /* XCTest.framework */,
			);
			name = Frameworks;
			sourceTree = "<group>";
		};
		8FBC7A3D1942809500403836 /* InterfaceBuilderDemo2 */ = {
			isa = PBXGroup;
			children = (
				8FBC7A461942809500403836 /* IBD2AppDelegate.h */,
				8FBC7A471942809500403836 /* IBD2AppDelegate.m */,
				8FBC7A491942809500403836 /* Main.storyboard */,
				8FBC7A4C1942809500403836 /* IBD2ViewController.h */,
				8FBC7A4D1942809500403836 /* IBD2ViewController.m */,
				8FBC7A4F1942809500403836 /* Images.xcassets */,
				8FBC7A3E1942809500403836 /* Supporting Files */,
			);
			path = InterfaceBuilderDemo2;
			sourceTree = "<group>";
		};
		8FBC7A3E1942809500403836 /* Supporting Files */ = {
			isa = PBXGroup;
			children = (
				8FBC7A3F1942809500403836 /* InterfaceBuilderDemo2-Info.plist */,
				8FBC7A401942809500403836 /* InfoPlist.strings */,
				8FBC7A431942809500403836 /* main.m */,
				8FBC7A451942809500403836 /* InterfaceBuilderDemo2-Prefix.pch */,
			);
			name = "Supporting Files";
			sourceTree = "<group>";
		};
		8FBC7A5C1942809500403836 /* InterfaceBuilderDemo2Tests */ = {
			isa = PBXGroup;
			children = (
				8FBC7A621942809500403836 /* InterfaceBuilderDemo2Tests.m */,
				8FBC7A5D1942809500403836 /* Supporting Files */,
			);
			path = InterfaceBuilderDemo2Tests;
			sourceTree = "<group>";
		};
		8FBC7A5D1942809500403836 /* Supporting Files */ = {
			isa = PBXGroup;
			children = (
				8FBC7A5E1942809500403836 /* InterfaceBuilderDemo2Tests-Info.plist */,
				8FBC7A5F1942809500403836 /* InfoPlist.strings */,
			);
			name = "Supporting Files";
			sourceTree = "<group>";
		};
		8FBC7A70194285B400403836 /* Docs */ = {
			isa = PBXGroup;
			children = (
				8FBC7A71194285B400403836 /* .~lock.README.docx# */,
				8FBC7A72194285B400403836 /* README.docx */,
			);
			path = Docs;
			sourceTree = "<group>";
		};
/* End PBXGroup section */

/* Begin PBXNativeTarget section */
		8FBC7A331942809500403836 /* InterfaceBuilderDemo2 */ = {
			isa = PBXNativeTarget;
			buildConfigurationList = 8FBC7A661942809500403836 /* Build configuration list for PBXNativeTarget "InterfaceBuilderDemo2" */;
			buildPhases = (
				8FBC7A301942809500403836 /* Sources */,
				8FBC7A311942809500403836 /* Frameworks */,
				8FBC7A321942809500403836 /* Resources */,
			);
			buildRules = (
			);
			dependencies = (
			);
			name = InterfaceBuilderDemo2;
			productName = InterfaceBuilderDemo2;
			productReference = 8FBC7A341942809500403836 /* InterfaceBuilderDemo2.app */;
			productType = "com.apple.product-type.application";
		};
		8FBC7A541942809500403836 /* InterfaceBuilderDemo2Tests */ = {
			isa = PBXNativeTarget;
			buildConfigurationList = 8FBC7A691942809500403836 /* Build configuration list for PBXNativeTarget "InterfaceBuilderDemo2Tests" */;
			buildPhases = (
				8FBC7A511942809500403836 /* Sources */,
				8FBC7A521942809500403836 /* Frameworks */,
				8FBC7A531942809500403836 /* Resources */,
			);
			buildRules = (
			);
			dependencies = (
				8FBC7A5B1942809500403836 /* PBXTargetDependency */,
			);
			name = InterfaceBuilderDemo2Tests;
			productName = InterfaceBuilderDemo2Tests;
			productReference = 8FBC7A551942809500403836 /* InterfaceBuilderDemo2Tests.xctest */;
			productType = "com.apple.product-type.bundle.unit-test";
		};
/* End PBXNativeTarget section */

/* Begin PBXProject section */
		8FBC7A2C1942809500403836 /* Project object */ = {
			isa = PBXProject;
			attributes = {
				CLASSPREFIX = IBD2;
				LastUpgradeCheck = 0510;
				ORGANIZATIONNAME = "DHAP Digital Inc";
				TargetAttributes = {
					8FBC7A541942809500403836 = {
						TestTargetID = 8FBC7A331942809500403836;
					};
				};
			};
			buildConfigurationList = 8FBC7A2F1942809500403836 /* Build configuration list for PBXProject "InterfaceBuilderDemo2" */;
			compatibilityVersion = "Xcode 3.2";
			developmentRegion = English;
			hasScannedForEncodings = 0;
			knownRegions = (
				en,
				Base,
			);
			mainGroup = 8FBC7A2B1942809500403836;
			productRefGroup = 8FBC7A351942809500403836 /* Products */;
			projectDirPath = "";
			projectRoot = "";
			targets = (
				8FBC7A331942809500403836 /* InterfaceBuilderDemo2 */,
				8FBC7A541942809500403836 /* InterfaceBuilderDemo2Tests */,
			);
		};
/* End PBXProject section */

/* Begin PBXResourcesBuildPhase section */
		8FBC7A321942809500403836 /* Resources */ = {
			isa = PBXResourcesBuildPhase;
			buildActionMask = 2147483647;
			files = (
				8FBC7A74194285B400403836 /* README.docx in Resources */,
				8FBC7A501942809500403836 /* Images.xcassets in Resources */,
				8FBC7A421942809500403836 /* InfoPlist.strings in Resources */,
				8FBC7A4B1942809500403836 /* Main.storyboard in Resources */,
				8FBC7A73194285B400403836 /* .~lock.README.docx# in Resources */,
			);
			runOnlyForDeploymentPostprocessing = 0;
		};
		8FBC7A531942809500403836 /* Resources */ = {
			isa = PBXResourcesBuildPhase;
			buildActionMask = 2147483647;
			files = (
				8FBC7A611942809500403836 /* InfoPlist.strings in Resources */,
			);
			runOnlyForDeploymentPostprocessing = 0;
		};
/* End PBXResourcesBuildPhase section */

/* Begin PBXSourcesBuildPhase section */
		8FBC7A301942809500403836 /* Sources */ = {
			isa = PBXSourcesBuildPhase;
			buildActionMask = 2147483647;
			files = (
				8FBC7A441942809500403836 /* main.m in Sources */,
				8FBC7A481942809500403836 /* IBD2AppDelegate.m in Sources */,
				8FBC7A4E1942809500403836 /* IBD2ViewController.m in Sources */,
			);
			runOnlyForDeploymentPostprocessing = 0;
		};
		8FBC7A511942809500403836 /* Sources */ = {
			isa = PBXSourcesBuildPhase;
			buildActionMask = 2147483647;
			files = (
				8FBC7A631942809500403836 /* InterfaceBuilderDemo2Tests.m in Sources */,
			);
			runOnlyForDeploymentPostprocessing = 0;
		};
/* End PBXSourcesBuildPhase section */

/* Begin PBXTargetDependency section */
		8FBC7A5B1942809500403836 /* PBXTargetDependency */ = {
			isa = PBXTargetDependency;
			target = 8FBC7A331942809500403836 /* InterfaceBuilderDemo2 */;
			targetProxy = 8FBC7A5A1942809500403836 /* PBXContainerItemProxy */;
		};
/* End PBXTargetDependency section */

/* Begin PBXVariantGroup section */
		8FBC7A401942809500403836 /* InfoPlist.strings */ = {
			isa = PBXVariantGroup;
			children = (
				8FBC7A411942809500403836 /* en */,
			);
			name = InfoPlist.strings;
			sourceTree = "<group>";
		};
		8FBC7A491942809500403836 /* Main.storyboard */ = {
			isa = PBXVariantGroup;
			children = (
				8FBC7A4A1942809500403836 /* Base */,
			);
			name = Main.storyboard;
			sourceTree = "<group>";
		};
		8FBC7A5F1942809500403836 /* InfoPlist.strings */ = {
			isa = PBXVariantGroup;
			children = (
				8FBC7A601942809500403836 /* en */,
			);
			name = InfoPlist.strings;
			sourceTree = "<group>";
		};
/* End PBXVariantGroup section */

/* Begin XCBuildConfiguration section */
		8FBC7A641942809500403836 /* Debug */ = {
			isa = XCBuildConfiguration;
			buildSettings = {
				ALWAYS_SEARCH_USER_PATHS = NO;
				CLANG_CXX_LANGUAGE_STANDARD = "gnu++0x";
				CLANG_CXX_LIBRARY = "libc++";
				CLANG_ENABLE_MODULES = YES;
				CLANG_ENABLE_OBJC_ARC = YES;
				CLANG_WARN_BOOL_CONVERSION = YES;
				CLANG_WARN_CONSTANT_CONVERSION = YES;
				CLANG_WARN_DIRECT_OBJC_ISA_USAGE = YES_ERROR;
				CLANG_WARN_EMPTY_BODY = YES;
				CLANG_WARN_ENUM_CONVERSION = YES;
				CLANG_WARN_INT_CONVERSION = YES;
				CLANG_WARN_OBJC_ROOT_CLASS = YES_ERROR;
				CLANG_WARN__DUPLICATE_METHOD_MATCH = YES;
				"CODE_SIGN_IDENTITY[sdk=iphoneos*]" = "iPhone Developer";
				COPY_PHASE_STRIP = NO;
				GCC_C_LANGUAGE_STANDARD = gnu99;
				GCC_DYNAMIC_NO_PIC = NO;
				GCC_OPTIMIZATION_LEVEL = 0;
				GCC_PREPROCESSOR_DEFINITIONS = (
					"DEBUG=1",
					"$(inherited)",
				);
				GCC_SYMBOLS_PRIVATE_EXTERN = NO;
				GCC_WARN_64_TO_32_BIT_CONVERSION = YES;
				GCC_WARN_ABOUT_RETURN_TYPE = YES_ERROR;
				GCC_WARN_UNDECLARED_SELECTOR = YES;
				GCC_WARN_UNINITIALIZED_AUTOS = YES_AGGRESSIVE;
				GCC_WARN_UNUSED_FUNCTION = YES;
				GCC_WARN_UNUSED_VARIABLE = YES;
				IPHONEOS_DEPLOYMENT_TARGET = 7.1;
				ONLY_ACTIVE_ARCH = YES;
				SDKROOT = iphoneos;
			};
			name = Debug;
		};
		8FBC7A651942809500403836 /* Release */ = {
			isa = XCBuildConfiguration;
			buildSettings = {
				ALWAYS_SEARCH_USER_PATHS = NO;
				CLANG_CXX_LANGUAGE_STANDARD = "gnu++0x";
				CLANG_CXX_LIBRARY = "libc++";
				CLANG_ENABLE_MODULES = YES;
				CLANG_ENABLE_OBJC_ARC = YES;
				CLANG_WARN_BOOL_CONVERSION = YES;
				CLANG_WARN_CONSTANT_CONVERSION = YES;
				CLANG_WARN_DIRECT_OBJC_ISA_USAGE = YES_ERROR;
				CLANG_WARN_EMPTY_BODY = YES;
				CLANG_WARN_ENUM_CONVERSION = YES;
				CLANG_WARN_INT_CONVERSION = YES;
				CLANG_WARN_OBJC_ROOT_CLASS = YES_ERROR;
				CLANG_WARN__DUPLICATE_METHOD_MATCH = YES;
				"CODE_SIGN_IDENTITY[sdk=iphoneos*]" = "iPhone Developer";
				COPY_PHASE_STRIP = YES;
				ENABLE_NS_ASSERTIONS = NO;
				GCC_C_LANGUAGE_STANDARD = gnu99;
				GCC_WARN_64_TO_32_BIT_CONVERSION = YES;
				GCC_WARN_ABOUT_RETURN_TYPE = YES_ERROR;
				GCC_WARN_UNDECLARED_SELECTOR = YES;
				GCC_WARN_UNINITIALIZED_AUTOS = YES_AGGRESSIVE;
				GCC_WARN_UNUSED_FUNCTION = YES;
				GCC_WARN_UNUSED_VARIABLE = YES;
				IPHONEOS_DEPLOYMENT_TARGET = 7.1;
				SDKROOT = iphoneos;
				VALIDATE_PRODUCT = YES;
			};
			name = Release;
		};
		8FBC7A671942809500403836 /* Debug */ = {
			isa = XCBuildConfiguration;
			buildSettings = {
				ASSETCATALOG_COMPILER_APPICON_NAME = AppIcon;
				ASSETCATALOG_COMPILER_LAUNCHIMAGE_NAME = LaunchImage;
				GCC_PRECOMPILE_PREFIX_HEADER = YES;
				GCC_PREFIX_HEADER = "InterfaceBuilderDemo2/InterfaceBuilderDemo2-Prefix.pch";
				INFOPLIST_FILE = "InterfaceBuilderDemo2/InterfaceBuilderDemo2-Info.plist";
				PRODUCT_NAME = "$(TARGET_NAME)";
				WRAPPER_EXTENSION = app;
			};
			name = Debug;
		};
		8FBC7A681942809500403836 /* Release */ = {
			isa = XCBuildConfiguration;
			buildSettings = {
				ASSETCATALOG_COMPILER_APPICON_NAME = AppIcon;
				ASSETCATALOG_COMPILER_LAUNCHIMAGE_NAME = LaunchImage;
				GCC_PRECOMPILE_PREFIX_HEADER = YES;
				GCC_PREFIX_HEADER = "InterfaceBuilderDemo2/InterfaceBuilderDemo2-Prefix.pch";
				INFOPLIST_FILE = "InterfaceBuilderDemo2/InterfaceBuilderDemo2-Info.plist";
				PRODUCT_NAME = "$(TARGET_NAME)";
				WRAPPER_EXTENSION = app;
			};
			name = Release;
		};
		8FBC7A6A1942809500403836 /* Debug */ = {
			isa = XCBuildConfiguration;
			buildSettings = {
				BUNDLE_LOADER = "$(BUILT_PRODUCTS_DIR)/InterfaceBuilderDemo2.app/InterfaceBuilderDemo2";
				FRAMEWORK_SEARCH_PATHS = (
					"$(SDKROOT)/Developer/Library/Frameworks",
					"$(inherited)",
					"$(DEVELOPER_FRAMEWORKS_DIR)",
				);
				GCC_PRECOMPILE_PREFIX_HEADER = YES;
				GCC_PREFIX_HEADER = "InterfaceBuilderDemo2/InterfaceBuilderDemo2-Prefix.pch";
				GCC_PREPROCESSOR_DEFINITIONS = (
					"DEBUG=1",
					"$(inherited)",
				);
				INFOPLIST_FILE = "InterfaceBuilderDemo2Tests/InterfaceBuilderDemo2Tests-Info.plist";
				PRODUCT_NAME = "$(TARGET_NAME)";
				TEST_HOST = "$(BUNDLE_LOADER)";
				WRAPPER_EXTENSION = xctest;
			};
			name = Debug;
		};
		8FBC7A6B1942809500403836 /* Release */ = {
			isa = XCBuildConfiguration;
			buildSettings = {
				BUNDLE_LOADER = "$(BUILT_PRODUCTS_DIR)/InterfaceBuilderDemo2.app/InterfaceBuilderDemo2";
				FRAMEWORK_SEARCH_PATHS = (
					"$(SDKROOT)/Developer/Library/Frameworks",
					"$(inherited)",
					"$(DEVELOPER_FRAMEWORKS_DIR)",
				);
				GCC_PRECOMPILE_PREFIX_HEADER = YES;
				GCC_PREFIX_HEADER = "InterfaceBuilderDemo2/InterfaceBuilderDemo2-Prefix.pch";
				INFOPLIST_FILE = "InterfaceBuilderDemo2Tests/InterfaceBuilderDemo2Tests-Info.plist";
				PRODUCT_NAME = "$(TARGET_NAME)";
				TEST_HOST = "$(BUNDLE_LOADER)";
				WRAPPER_EXTENSION = xctest;
			};
			name = Release;
		};
/* End XCBuildConfiguration section */

/* Begin XCConfigurationList section */
		8FBC7A2F1942809500403836 /* Build configuration list for PBXProject "InterfaceBuilderDemo2" */ = {
			isa = XCConfigurationList;
			buildConfigurations = (
				8FBC7A641942809500403836 /* Debug */,
				8FBC7A651942809500403836 /* Release */,
			);
			defaultConfigurationIsVisible = 0;
			defaultConfigurationName = Release;
		};
		8FBC7A661942809500403836 /* Build configuration list for PBXNativeTarget "InterfaceBuilderDemo2" */ = {
			isa = XCConfigurationList;
			buildConfigurations = (
				8FBC7A671942809500403836 /* Debug */,
				8FBC7A681942809500403836 /* Release */,
			);
			defaultConfigurationIsVisible = 0;
		};
		8FBC7A691942809500403836 /* Build configuration list for PBXNativeTarget "InterfaceBuilderDemo2Tests" */ = {
			isa = XCConfigurationList;
			buildConfigurations = (
				8FBC7A6A1942809500403836 /* Debug */,
				8FBC7A6B1942809500403836 /* Release */,
			);
			defaultConfigurationIsVisible = 0;
		};
/* End XCConfigurationList section */
	};
	rootObject = 8FBC7A2C1942809500403836 /* Project object */;
}
